
Microsoft Visual Studio Solution File, Format Version 12.00
# Visual Studio Version 17
VisualStudioVersion = 17.9.34902.65
MinimumVisualStudioVersion = 10.0.40219.1
Project("{FAE04EC0-301F-11D3-BF4B-00C04F79EFBC}") = "PetPortal", "PetPortal.csproj", "{63674C58-BFC0-4392-91B6-2CA38603587E}"
EndProject
Global
	GlobalSection(SolutionConfigurationPlatforms) = preSolution
		Debug|Any CPU = Debug|Any CPU
		Release|Any CPU = Release|Any CPU
	EndGlobalSection
	GlobalSection(ProjectConfigurationPlatforms) = postSolution
		{63674C58-BFC0-4392-91B6-2CA38603587E}.Debug|Any CPU.ActiveCfg = Debug|Any CPU
		{63674C58-BFC0-4392-91B6-2CA38603587E}.Debug|Any CPU.Build.0 = Debug|Any CPU
		{63674C58-BFC0-4392-91B6-2CA38603587E}.Release|Any CPU.ActiveCfg = Release|Any CPU
		{63674C58-BFC0-4392-91B6-2CA38603587E}.Release|Any CPU.Build.0 = Release|Any CPU
	EndGlobalSection
	GlobalSection(SolutionProperties) = preSolution
		HideSolutionNode = FALSE
	EndGlobalSection
	GlobalSection(ExtensibilityGlobals) = postSolution
		SolutionGuid = {0D511B12-8905-4D75-950A-8B00F7FA50CE}
	EndGlobalSection
EndGlobal
